{
    "_readme": [
        "This file locks the dependencies of your project to a known state",
        "Read more about it at https://getcomposer.org/doc/01-basic-usage.md#installing-dependencies",
        "This file is @generated automatically"
    ],
    "content-hash": "7b1cf31733ce7675f4aa423b9487fd89",
    "packages": [
        {
            "name": "yidas/tw-stock-crawler",
            "version": "1.3.0",
            "source": {
                "type": "git",
                "url": "https://github.com/yidas/tw-stock-crawler-php.git",
                "reference": "35bbde87830e289cd7e9cd317a189bc06af3d984"
            },
            "dist": {
                "type": "zip",
                "url": "https://api.github.com/repos/yidas/tw-stock-crawler-php/zipball/35bbde87830e289cd7e9cd317a189bc06af3d984",
                "reference": "35bbde87830e289cd7e9cd317a189bc06af3d984",
                "shasum": ""
            },
            "require": {
                "php": ">=5.4"
            },
            "type": "library",
            "autoload": {
                "psr-4": {
                    "yidas\\twStockCrawler\\": "src/"
                }
            },
            "notification-url": "https://packagist.org/downloads/",
            "license": [
                "MIT"
            ],
            "description": "Taiwan Stock Opendata Crawler with realtime - 台灣股市股票資訊擷取器",
            "homepage": "https://github.com/yidas/tw-stock-crawler",
            "keywords": [
                "TW Stock",
                "crawler",
                "php",
                "stock"
            ],
            "support": {
                "issues": "https://github.com/yidas/tw-stock-crawler/issues",
                "source": "https://github.com/yidas/tw-stock-crawler"
            },
            "time": "2024-04-15T10:03:22+00:00"
        }
    ],
    "packages-dev": [],
    "aliases": [],
    "minimum-stability": "stable",
    "stability-flags": [],
    "prefer-stable": false,
    "prefer-lowest": false,
    "platform": [],
    "platform-dev": [],
    "plugin-api-version": "2.1.0"
}
